
Microsoft Visual Studio Solution File, Format Version 12.00
# Visual Studio 15
VisualStudioVersion = 15.0.27703.2035
MinimumVisualStudioVersion = 10.0.40219.1
Project("{FAE04EC0-301F-11D3-BF4B-00C04F79EFBC}") = "BGInfo", "BGInfo\BGInfo.csproj", "{E3FD25AE-7458-4A45-BCEC-41A5F8923FE5}"
EndProject
Global
	GlobalSection(SolutionConfigurationPlatforms) = preSolution
		Debug|Any CPU = Debug|Any CPU
		Release|Any CPU = Release|Any CPU
	EndGlobalSection
	GlobalSection(ProjectConfigurationPlatforms) = postSolution
		{E3FD25AE-7458-4A45-BCEC-41A5F8923FE5}.Debug|Any CPU.ActiveCfg = Debug|Any CPU
		{E3FD25AE-7458-4A45-BCEC-41A5F8923FE5}.Debug|Any CPU.Build.0 = Debug|Any CPU
		{E3FD25AE-7458-4A45-BCEC-41A5F8923FE5}.Release|Any CPU.ActiveCfg = Release|Any CPU
		{E3FD25AE-7458-4A45-BCEC-41A5F8923FE5}.Release|Any CPU.Build.0 = Release|Any CPU
	EndGlobalSection
	GlobalSection(SolutionProperties) = preSolution
		HideSolutionNode = FALSE
	EndGlobalSection
	GlobalSection(ExtensibilityGlobals) = postSolution
		SolutionGuid = {B568FE12-9C34-4090-A5D9-ACD0905BCA60}
	EndGlobalSection
EndGlobal
